{
  "nodes": {
    "agenix": {
      "inputs": {
        "darwin": "darwin",
        "home-manager": [
          "home-manager"
        ],
        "nixpkgs": [
          "nixpkgs"
        ],
        "systems": "systems"
      },
      "locked": {
        "lastModified": 1770165109,
        "narHash": "sha256-9VnK6Oqai65puVJ4WYtCTvlJeXxMzAp/69HhQuTdl/I=",
        "owner": "ryantm",
        "repo": "agenix",
        "rev": "b027ee29d959fda4b60b57566d64c98a202e0feb",
        "type": "github"
      },
      "original": {
        "owner": "ryantm",
        "repo": "agenix",
        "type": "github"
      }
    },
    "brew-src": {
      "flake": false,
      "locked": {
        "lastModified": 1786348930,
        "narHash": "sha256-bCQJkbgsAMDp5HQystZLCq11UHiyEuoWbxKulAPYrh8=",
        "owner": "Homebrew",
        "repo": "brew",
        "rev": "3ecc9eff23feebf1bc73846d74e14a122c93b66f",
        "type": "github"
      },
      "original": {
        "owner": "Homebrew",
        "ref": "6.0.16",
        "repo": "brew",
        "type": "github"
      }
    },
    "bun2nix": {
      "inputs": {
        "flake-parts": [
          "llm-agents",
          "flake-parts"
        ],
        "nixpkgs": [
          "llm-agents",
          "nixpkgs"
        ],
        "systems": [
          "llm-agents",
          "systems"
        ],
        "treefmt-nix": [
          "llm-agents",
          "treefmt-nix"
        ]
      },
      "locked": {
        "lastModified": 1784665499,
        "narHash": "sha256-9BMxlTxCCDAeoNLtb1a/st7udtTIJep+wpUzquA29VU=",
        "owner": "nix-community",
        "repo": "bun2nix",
        "rev": "0f2a1f0b6f42cebe3b149bf62d38754c5e0e9729",
        "type": "github"
      },
      "original": {
        "owner": "nix-community",
        "repo": "bun2nix",
        "type": "github"
      }
    },
    "darwin": {
      "inputs": {
        "nixpkgs": [
          "agenix",
          "nixpkgs"
        ]
      },
      "locked": {
        "lastModified": 1744478979,
        "narHash": "sha256-dyN+teG9G82G+m+PX/aSAagkC+vUv0SgUw3XkPhQodQ=",
        "owner": "lnl7",
        "repo": "nix-darwin",
        "rev": "43975d782b418ebf4969e9ccba82466728c2851b",
        "type": "github"
      },
      "original": {
        "owner": "lnl7",
        "ref": "master",
        "repo": "nix-darwin",
        "type": "github"
      }
    },
    "flake-parts": {
      "inputs": {
        "nixpkgs-lib": [
          "llm-agents",
          "nixpkgs"
        ]
      },
      "locked": {
        "lastModified": 1785627969,
        "narHash": "sha256-4dtXQk/NMePegK/nWp5NSeuZKLATItOq61lpEvmXqGw=",
        "owner": "hercules-ci",
        "repo": "flake-parts",
        "rev": "427bf4bd9435fdf21321c8cc628c24efc14c0f7a",
        "type": "github"
      },
      "original": {
        "owner": "hercules-ci",
        "repo": "flake-parts",
        "type": "github"
      }
    },
    "home-manager": {
      "inputs": {
        "nixpkgs": [
          "nixpkgs"
        ]
      },
      "locked": {
        "lastModified": 1786887553,
        "narHash": "sha256-0J8EwNSJ/2OeyuvXgfG+k5uBT1gkg0ww7VEo+14xl50=",
        "owner": "nix-community",
        "repo": "home-manager",
        "rev": "5bd505963717a894b02a57cdbcc00db28d9b029f",
        "type": "github"
      },
      "original": {
        "owner": "nix-community",
        "repo": "home-manager",
        "type": "github"
      }
    },
    "homebrew-cask": {
      "flake": false,
      "locked": {
        "lastModified": 1786896172,
        "narHash": "sha256-GbvXlSdjqUrrzWEzpebFDHOSUNCD76oO5tPMFoh3+9k=",
        "owner": "homebrew",
        "repo": "homebrew-cask",
        "rev": "233c530dd647c91343a32b94bad81b106bf26e55",
        "type": "github"
      },
      "original": {
        "owner": "homebrew",
        "repo": "homebrew-cask",
        "type": "github"
      }
    },
    "homebrew-core": {
      "flake": false,
      "locked": {
        "lastModified": 1786896130,
        "narHash": "sha256-wjK9Ad35f9CKj5BfILlCqtm9nJv3EId73UjFxKoqUE4=",
        "owner": "homebrew",
        "repo": "homebrew-core",
        "rev": "457a9cfb407dca2a7bf89449748973f9488c9677",
        "type": "github"
      },
      "original": {
        "owner": "homebrew",
        "repo": "homebrew-core",
        "type": "github"
      }
    },
    "llm-agents": {
      "inputs": {
        "bun2nix": "bun2nix",
        "flake-parts": "flake-parts",
        "nixpkgs": [
          "nixpkgs"
        ],
        "systems": "systems_2",
        "treefmt-nix": "treefmt-nix"
      },
      "locked": {
        "lastModified": 1786856790,
        "narHash": "sha256-i/V+t7uAD7Uo6p7POVZpbhYTo8HxNnW1P89CrQdv5aI=",
        "owner": "numtide",
        "repo": "llm-agents.nix",
        "rev": "dac632fe2759854b901cbab78efdeca6343a6c0e",
        "type": "github"
      },
      "original": {
        "owner": "numtide",
        "repo": "llm-agents.nix",
        "type": "github"
      }
    },
    "localpkgs": {
      "inputs": {
        "nixpkgs": [
          "nixpkgs"
        ]
      },
      "locked": {
        "dir": "packages",
        "lastModified": 1786855480,
        "narHash": "sha256-vr7lCw04R5Modo2Lv+Yu1zGbK92BNdbxXMS60fHiLOs=",
        "owner": "bzvestey",
        "repo": "dotfiles",
        "rev": "0e5b99270dd8943ccfb0608e9e6e7350207c68b5",
        "type": "github"
      },
      "original": {
        "dir": "packages",
        "owner": "bzvestey",
        "repo": "dotfiles",
        "type": "github"
      }
    },
    "nix-darwin": {
      "inputs": {
        "nixpkgs": [
          "nixpkgs-darwin"
        ]
      },
      "locked": {
        "lastModified": 1786845137,
        "narHash": "sha256-oQFip+v0luP8NIxJzmiW4Wu8bILsbFWom5l0zonl8hQ=",
        "owner": "LnL7",
        "repo": "nix-darwin",
        "rev": "4cff07de74b50e64bdd68cd4e722ab5b6b35ee48",
        "type": "github"
      },
      "original": {
        "owner": "LnL7",
        "repo": "nix-darwin",
        "type": "github"
      }
    },
    "nix-homebrew": {
      "inputs": {
        "brew-src": "brew-src"
      },
      "locked": {
        "lastModified": 1786686423,
        "narHash": "sha256-8q3WdB8o3VUI7rOz1OXfioXIaaWbFTAxRJAkWLlfc0s=",
        "owner": "zhaofengli",
        "repo": "nix-homebrew",
        "rev": "ccabf79a6b9845eb72b51ea1d9c7ce3446350df3",
        "type": "github"
      },
      "original": {
        "owner": "zhaofengli",
        "repo": "nix-homebrew",
        "type": "github"
      }
    },
    "nixos-hardware": {
      "inputs": {
        "nixpkgs": "nixpkgs"
      },
      "locked": {
        "lastModified": 1786867632,
        "narHash": "sha256-ez+ubZlA1RtdjCB18a6zJ9M4u8qoPDy08EcnsW5M3Xw=",
        "owner": "NixOS",
        "repo": "nixos-hardware",
        "rev": "ff17823245ab9ff7bcae6acf950bd89cba82c38c",
        "type": "github"
      },
      "original": {
        "owner": "NixOS",
        "ref": "master",
        "repo": "nixos-hardware",
        "type": "github"
      }
    },
    "nixpkgs": {
      "locked": {
        "lastModified": 1767892417,
        "narHash": "sha256-8bW3q88CEg2u4hSP66Vf4lpbLonHz7hqDNBMcCY7E9U=",
        "rev": "3497aa5c9457a9d88d71fa93a4a8368816fbeeba",
        "type": "tarball",
        "url": "https://releases.nixos.org/nixos/unstable/nixos-26.05pre924538.3497aa5c9457/nixexprs.tar.xz"
      },
      "original": {
        "type": "tarball",
        "url": "https://channels.nixos.org/nixos-unstable/nixexprs.tar.xz"
      }
    },
    "nixpkgs-darwin": {
      "locked": {
        "lastModified": 1786719841,
        "narHash": "sha256-QcpQOT0NQEFkI77t+YXPZqDJc35iIodG7zinieOwFUg=",
        "owner": "nixos",
        "repo": "nixpkgs",
        "rev": "8be7bd0c83f12e2e3bbba07c9044d6fed9e66f7f",
        "type": "github"
      },
      "original": {
        "owner": "nixos",
        "ref": "nixpkgs-unstable",
        "repo": "nixpkgs",
        "type": "github"
      }
    },
    "nixpkgs_2": {
      "locked": {
        "lastModified": 1786862985,
        "narHash": "sha256-FBJRXmbGXiSUDvYEbfLYRkckayyZ6SK1UEqhCrIZ2Cs=",
        "owner": "nixos",
        "repo": "nixpkgs",
        "rev": "e5bdc4a41d4c072fe1e3787eaa0320a384741d44",
        "type": "github"
      },
      "original": {
        "owner": "nixos",
        "ref": "nixos-unstable",
        "repo": "nixpkgs",
        "type": "github"
      }
    },
    "plasma-manager": {
      "inputs": {
        "home-manager": [
          "home-manager"
        ],
        "nixpkgs": [
          "nixpkgs"
        ]
      },
      "locked": {
        "lastModified": 1785762349,
        "narHash": "sha256-jZhZkzAwc7f3exzcTDJWP2WCAchCv0iNC3UF/QsahdQ=",
        "owner": "nix-community",
        "repo": "plasma-manager",
        "rev": "a19a2a029fa180911bd89c554dca1616e10f4c1d",
        "type": "github"
      },
      "original": {
        "owner": "nix-community",
        "repo": "plasma-manager",
        "type": "github"
      }
    },
    "root": {
      "inputs": {
        "agenix": "agenix",
        "home-manager": "home-manager",
        "homebrew-cask": "homebrew-cask",
        "homebrew-core": "homebrew-core",
        "llm-agents": "llm-agents",
        "localpkgs": "localpkgs",
        "nix-darwin": "nix-darwin",
        "nix-homebrew": "nix-homebrew",
        "nixos-hardware": "nixos-hardware",
        "nixpkgs": "nixpkgs_2",
        "nixpkgs-darwin": "nixpkgs-darwin",
        "plasma-manager": "plasma-manager"
      }
    },
    "systems": {
      "locked": {
        "lastModified": 1681028828,
        "narHash": "sha256-Vy1rq5AaRuLzOxct8nz4T6wlgyUR7zLU309k9mBC768=",
        "owner": "nix-systems",
        "repo": "default",
        "rev": "da67096a3b9bf56a91d16901293e51ba5b49a27e",
        "type": "github"
      },
      "original": {
        "owner": "nix-systems",
        "repo": "default",
        "type": "github"
      }
    },
    "systems_2": {
      "locked": {
        "lastModified": 1681028828,
        "narHash": "sha256-Vy1rq5AaRuLzOxct8nz4T6wlgyUR7zLU309k9mBC768=",
        "owner": "nix-systems",
        "repo": "default",
        "rev": "da67096a3b9bf56a91d16901293e51ba5b49a27e",
        "type": "github"
      },
      "original": {
        "owner": "nix-systems",
        "repo": "default",
        "type": "github"
      }
    },
    "treefmt-nix": {
      "inputs": {
        "nixpkgs": [
          "llm-agents",
          "nixpkgs"
        ]
      },
      "locked": {
        "lastModified": 1785945821,
        "narHash": "sha256-NLSyTCW4K4ofhNBllt3omPasm6QpralXH1DBZOc91Dw=",
        "owner": "numtide",
        "repo": "treefmt-nix",
        "rev": "ae7910970dddc408fe6ab1c8e4b277bb21d72dc0",
        "type": "github"
      },
      "original": {
        "owner": "numtide",
        "repo": "treefmt-nix",
        "type": "github"
      }
    }
  },
  "root": "root",
  "version": 7
}
